
Microsoft Visual Studio Solution File, Format Version 12.00
# Visual Studio Version 17
VisualStudioVersion = 17.3.32804.467
MinimumVisualStudioVersion = 10.0.40219.1
Project("{FAE04EC0-301F-11D3-BF4B-00C04F79EFBC}") = "FailPublishSample", "FailPublishSample.csproj", "{9EEBCF4D-5258-4CDA-BB6F-7011162417AD}"
EndProject
Global
	GlobalSection(SolutionConfigurationPlatforms) = preSolution
		Debug|Any CPU = Debug|Any CPU
		Release|Any CPU = Release|Any CPU
	EndGlobalSection
	GlobalSection(ProjectConfigurationPlatforms) = postSolution
		{9EEBCF4D-5258-4CDA-BB6F-7011162417AD}.Debug|Any CPU.ActiveCfg = Debug|Any CPU
		{9EEBCF4D-5258-4CDA-BB6F-7011162417AD}.Debug|Any CPU.Build.0 = Debug|Any CPU
		{9EEBCF4D-5258-4CDA-BB6F-7011162417AD}.Release|Any CPU.ActiveCfg = Release|Any CPU
		{9EEBCF4D-5258-4CDA-BB6F-7011162417AD}.Release|Any CPU.Build.0 = Release|Any CPU
	EndGlobalSection
	GlobalSection(SolutionProperties) = preSolution
		HideSolutionNode = FALSE
	EndGlobalSection
	GlobalSection(ExtensibilityGlobals) = postSolution
		SolutionGuid = {D377920A-1767-4801-80D0-DFDEED211CB1}
	EndGlobalSection
EndGlobal
